{
    "_readme": [
        "This file locks the dependencies of your project to a known state",
        "Read more about it at http://getcomposer.org/doc/01-basic-usage.md#composer-lock-the-lock-file"
    ],
    "hash": "21d26e922607217d3d36720936b8fb74",
    "packages": [
        {
            "name": "kriswallsmith/buzz",
            "version": "v0.10",
            "source": {
                "type": "git",
                "url": "https://github.com/kriswallsmith/Buzz.git",
                "reference": "759432d66387e3433d3b06cb6f773b97225b9b17"
            },
            "dist": {
                "type": "zip",
                "url": "https://api.github.com/repos/kriswallsmith/Buzz/zipball/759432d66387e3433d3b06cb6f773b97225b9b17",
                "reference": "759432d66387e3433d3b06cb6f773b97225b9b17",
                "shasum": ""
            },
            "require": {
                "php": ">=5.3.0"
            },
            "require-dev": {
                "phpunit/phpunit": "3.7.*"
            },
            "suggest": {
                "ext-curl": "*"
            },
            "type": "library",
            "autoload": {
                "psr-0": {
                    "Buzz": "lib/"
                }
            },
            "notification-url": "https://packagist.org/downloads/",
            "license": [
                "MIT"
            ],
            "authors": [
                {
                    "name": "Kris Wallsmith",
                    "email": "kris.wallsmith@gmail.com",
                    "homepage": "http://kriswallsmith.net/"
                }
            ],
            "description": "Lightweight HTTP client",
            "homepage": "https://github.com/kriswallsmith/Buzz",
            "keywords": [
                "curl",
                "http client"
            ],
            "time": "2013-05-19 03:41:15"
        },
        {
            "name": "payum/core",
            "version": "dev-master",
            "target-dir": "Payum/Core",
            "source": {
                "type": "git",
                "url": "https://github.com/Payum/Core.git",
                "reference": "6b6bedc9bdd8b1b4753673899fbbbe6a2c92b944"
            },
            "dist": {
                "type": "zip",
                "url": "https://api.github.com/repos/Payum/Core/zipball/6b6bedc9bdd8b1b4753673899fbbbe6a2c92b944",
                "reference": "6b6bedc9bdd8b1b4753673899fbbbe6a2c92b944",
                "shasum": ""
            },
            "require": {
                "kriswallsmith/buzz": "*",
                "php": ">=5.3.2"
            },
            "require-dev": {
                "doctrine/mongodb": "1.0.*@dev",
                "doctrine/mongodb-odm": "1.0.*@dev",
                "doctrine/orm": "2.*",
                "ext-curl": "*",
                "ext-pdo_sqlite": "*",
                "phpunit/phpunit": "3.7.*",
                "psr/log": "~1.0"
            },
            "suggest": {
                "doctrine/mongodb-odm": "If you want to store models to mongo doctrin2 ODM",
                "doctrine/orm": "If you want to store models to database using doctrin2 ORM",
                "monolog/monolog": "In case you want to use logger",
                "payum/authorize-net-aim": "If you want to use Authorize.Net AIM payment gateway",
                "payum/be2bill": "If you want to use be2bill payment gateway",
                "payum/omnipay-bridge": "If you want to use omnipay's gateways",
                "payum/payex": "If you want to use payex payment gateway",
                "payum/paypal-express-checkout-nvp": "If you want to use paypal express checkout, digital goods or recurring payments",
                "payum/paypal-ipn": "If you want to use paypal instant payment notifications(Paypal IPN)",
                "payum/paypal-pro-checkout-nvp": "If you want to use paypal pro checkout",
                "payum/paypal-rest": "If you want to use paypal rest gateway"
            },
            "type": "library",
            "extra": {
                "branch-alias": {
                    "dev-master": "0.7-dev"
                }
            },
            "autoload": {
                "psr-0": {
                    "Payum\\Core\\": ""
                }
            },
            "notification-url": "https://packagist.org/downloads/",
            "license": [
                "MIT"
            ],
            "authors": [
                {
                    "name": "Kotlyar Maksim",
                    "email": "kotlyar.maksim@gmail.com"
                },
                {
                    "name": "Payum project",
                    "homepage": "http://payum.forma-dev.com/"
                },
                {
                    "name": "Community contributions",
                    "homepage": "https://github.com/Payum/Payum/contributors"
                }
            ],
            "description": "Domain friendly payment framework. Paypal, payex, authorize.net, be2bill, omnipay, recurring paymens, instant notifications and many more",
            "homepage": "http://payum.forma-dev.com",
            "keywords": [
                "authorize.net",
                "be2bill",
                "instant payment notification",
                "ipn",
                "jms payment",
                "omnipay",
                "payex",
                "payment",
                "paypal",
                "paypal digital goods",
                "paypal express",
                "paypal pro",
                "paypal rest",
                "recurring payment"
            ],
            "time": "2013-12-03 08:44:42"
        },
        {
            "name": "yiisoft/yii",
            "version": "1.1.14",
            "source": {
                "type": "git",
                "url": "https://github.com/yiisoft/yii.git",
                "reference": "f0fee98ee84f70f1f3652f65562c9670e919cb4e"
            },
            "dist": {
                "type": "zip",
                "url": "https://api.github.com/repos/yiisoft/yii/zipball/f0fee98ee84f70f1f3652f65562c9670e919cb4e",
                "reference": "f0fee98ee84f70f1f3652f65562c9670e919cb4e",
                "shasum": ""
            },
            "require": {
                "php": ">=5.1.0"
            },
            "bin": [
                "framework/yiic"
            ],
            "type": "library",
            "notification-url": "https://packagist.org/downloads/",
            "license": [
                "BSD-3-Clause"
            ],
            "authors": [
                {
                    "name": "Qiang Xue",
                    "email": "qiang.xue@gmail.com",
                    "homepage": "http://www.yiiframework.com/",
                    "role": "Founder and project lead"
                },
                {
                    "name": "Alexander Makarov",
                    "email": "sam@rmcreative.ru",
                    "homepage": "http://rmcreative.ru/",
                    "role": "Core framework development"
                },
                {
                    "name": "Maurizio Domba",
                    "homepage": "http://mdomba.info/",
                    "role": "Core framework development"
                },
                {
                    "name": "Carsten Brandt",
                    "email": "mail@cebe.cc",
                    "homepage": "http://cebe.cc/",
                    "role": "Core framework development"
                },
                {
                    "name": "Wei Zhuo",
                    "email": "weizhuo@gmail.com",
                    "role": "Project site maintenance and development"
                },
                {
                    "name": "Sebastián Thierer",
                    "email": "sebas@artfos.com",
                    "role": "Component development"
                },
                {
                    "name": "Jeffrey Winesett",
                    "email": "jefftulsa@gmail.com",
                    "role": "Documentation and marketing"
                },
                {
                    "name": "Timur Ruziev",
                    "email": "resurtm@gmail.com",
                    "homepage": "http://resurtm.com/",
                    "role": "Core framework development"
                },
                {
                    "name": "Paul Klimov",
                    "email": "klimov.paul@gmail.com",
                    "role": "Core framework development"
                }
            ],
            "description": "Yii Web Programming Framework",
            "homepage": "http://www.yiiframework.com/",
            "keywords": [
                "framework",
                "yii"
            ],
            "time": "2013-08-12 00:12:08"
        }
    ],
    "packages-dev": [

    ],
    "aliases": [

    ],
    "minimum-stability": "stable",
    "stability-flags": {
        "payum/core": 20
    },
    "platform": {
        "php": ">=5.3.2"
    },
    "platform-dev": [

    ]
}
